// !$*UTF8*$!
{
	archiveVersion = 1;
	classes = {
	};
	objectVersion = 46;
	objects = {

/* Begin PBXBuildFile section */
		FB0B03F71ED97E7300E3D3BA /* AppDelegate.swift in Sources */ = {isa = PBXBuildFile; fileRef = FB0B03F61ED97E7300E3D3BA /* AppDelegate.swift */; };
		FB0B03F91ED97E7300E3D3BA /* ViewController.swift in Sources */ = {isa = PBXBuildFile; fileRef = FB0B03F81ED97E7300E3D3BA /* ViewController.swift */; };
		FB0B03FC1ED97E7300E3D3BA /* Main.storyboard in Resources */ = {isa = PBXBuildFile; fileRef = FB0B03FA1ED97E7300E3D3BA /* Main.storyboard */; };
		FB0B03FF1ED97E7300E3D3BA /* TheMovieStore.xcdatamodeld in Sources */ = {isa = PBXBuildFile; fileRef = FB0B03FD1ED97E7300E3D3BA /* TheMovieStore.xcdatamodeld */; };
		FB0B04011ED97E7300E3D3BA /* Assets.xcassets in Resources */ = {isa = PBXBuildFile; fileRef = FB0B04001ED97E7300E3D3BA /* Assets.xcassets */; };
		FB0B04041ED97E7300E3D3BA /* LaunchScreen.storyboard in Resources */ = {isa = PBXBuildFile; fileRef = FB0B04021ED97E7300E3D3BA /* LaunchScreen.storyboard */; };
/* End PBXBuildFile section */

/* Begin PBXFileReference section */
		FB0B03F31ED97E7300E3D3BA /* TheMovieStore.app */ = {isa = PBXFileReference; explicitFileType = wrapper.application; includeInIndex = 0; path = TheMovieStore.app; sourceTree = BUILT_PRODUCTS_DIR; };
		FB0B03F61ED97E7300E3D3BA /* AppDelegate.swift */ = {isa = PBXFileReference; lastKnownFileType = sourcecode.swift; path = AppDelegate.swift; sourceTree = "<group>"; };
		FB0B03F81ED97E7300E3D3BA /* ViewController.swift */ = {isa = PBXFileReference; lastKnownFileType = sourcecode.swift; path = ViewController.swift; sourceTree = "<group>"; };
		FB0B03FB1ED97E7300E3D3BA /* Base */ = {isa = PBXFileReference; lastKnownFileType = file.storyboard; name = Base; path = Base.lproj/Main.storyboard; sourceTree = "<group>"; };
		FB0B03FE1ED97E7300E3D3BA /* TheMovieStore.xcdatamodel */ = {isa = PBXFileReference; lastKnownFileType = wrapper.xcdatamodel; path = TheMovieStore.xcdatamodel; sourceTree = "<group>"; };
		FB0B04001ED97E7300E3D3BA /* Assets.xcassets */ = {isa = PBXFileReference; lastKnownFileType = folder.assetcatalog; path = Assets.xcassets; sourceTree = "<group>"; };
		FB0B04031ED97E7300E3D3BA /* Base */ = {isa = PBXFileReference; lastKnownFileType = file.storyboard; name = Base; path = Base.lproj/LaunchScreen.storyboard; sourceTree = "<group>"; };
		FB0B04051ED97E7300E3D3BA /* Info.plist */ = {isa = PBXFileReference; lastKnownFileType = text.plist.xml; path = Info.plist; sourceTree = "<group>"; };
/* End PBXFileReference section */

/* Begin PBXFrameworksBuildPhase section */
		FB0B03F01ED97E7300E3D3BA /* Frameworks */ = {
			isa = PBXFrameworksBuildPhase;
			buildActionMask = 2147483647;
			files = (
			);
			runOnlyForDeploymentPostprocessing = 0;
		};
/* End PBXFrameworksBuildPhase section */

/* Begin PBXGroup section */
		FB0B03EA1ED97E7300E3D3BA = {
			isa = PBXGroup;
			children = (
				FB0B03F51ED97E7300E3D3BA /* TheMovieStore */,
				FB0B03F41ED97E7300E3D3BA /* Products */,
			);
			sourceTree = "<group>";
		};
		FB0B03F41ED97E7300E3D3BA /* Products */ = {
			isa = PBXGroup;
			children = (
				FB0B03F31ED97E7300E3D3BA /* TheMovieStore.app */,
			);
			name = Products;
			sourceTree = "<group>";
		};
		FB0B03F51ED97E7300E3D3BA /* TheMovieStore */ = {
			isa = PBXGroup;
			children = (
				FB0B03F61ED97E7300E3D3BA /* AppDelegate.swift */,
				FB0B03F81ED97E7300E3D3BA /* ViewController.swift */,
				FB0B03FA1ED97E7300E3D3BA /* Main.storyboard */,
				FB0B04001ED97E7300E3D3BA /* Assets.xcassets */,
				FB0B04021ED97E7300E3D3BA /* LaunchScreen.storyboard */,
				FB0B04051ED97E7300E3D3BA /* Info.plist */,
				FB0B03FD1ED97E7300E3D3BA /* TheMovieStore.xcdatamodeld */,
			);
			path = TheMovieStore;
			sourceTree = "<group>";
		};
/* End PBXGroup section */

/* Begin PBXNativeTarget section */
		FB0B03F21ED97E7300E3D3BA /* TheMovieStore */ = {
			isa = PBXNativeTarget;
			buildConfigurationList = FB0B04081ED97E7300E3D3BA /* Build configuration list for PBXNativeTarget "TheMovieStore" */;
			buildPhases = (
				FB0B03EF1ED97E7300E3D3BA /* Sources */,
				FB0B03F01ED97E7300E3D3BA /* Frameworks */,
				FB0B03F11ED97E7300E3D3BA /* Resources */,
			);
			buildRules = (
			);
			dependencies = (
			);
			name = TheMovieStore;
			productName = TheMovieStore;
			productReference = FB0B03F31ED97E7300E3D3BA /* TheMovieStore.app */;
			productType = "com.apple.product-type.application";
		};
/* End PBXNativeTarget section */

/* Begin PBXProject section */
		FB0B03EB1ED97E7300E3D3BA /* Project object */ = {
			isa = PBXProject;
			attributes = {
				LastSwiftUpdateCheck = 0830;
				LastUpgradeCheck = 0830;
				ORGANIZATIONNAME = ThanhKhoa;
				TargetAttributes = {
					FB0B03F21ED97E7300E3D3BA = {
						CreatedOnToolsVersion = 8.3;
						ProvisioningStyle = Automatic;
					};
				};
			};
			buildConfigurationList = FB0B03EE1ED97E7300E3D3BA /* Build configuration list for PBXProject "TheMovieStore" */;
			compatibilityVersion = "Xcode 3.2";
			developmentRegion = English;
			hasScannedForEncodings = 0;
			knownRegions = (
				en,
				Base,
			);
			mainGroup = FB0B03EA1ED97E7300E3D3BA;
			productRefGroup = FB0B03F41ED97E7300E3D3BA /* Products */;
			projectDirPath = "";
			projectRoot = "";
			targets = (
				FB0B03F21ED97E7300E3D3BA /* TheMovieStore */,
			);
		};
/* End PBXProject section */

/* Begin PBXResourcesBuildPhase section */
		FB0B03F11ED97E7300E3D3BA /* Resources */ = {
			isa = PBXResourcesBuildPhase;
			buildActionMask = 2147483647;
			files = (
				FB0B04041ED97E7300E3D3BA /* LaunchScreen.storyboard in Resources */,
				FB0B04011ED97E7300E3D3BA /* Assets.xcassets in Resources */,
				FB0B03FC1ED97E7300E3D3BA /* Main.storyboard in Resources */,
			);
			runOnlyForDeploymentPostprocessing = 0;
		};
/* End PBXResourcesBuildPhase section */

/* Begin PBXSourcesBuildPhase section */
		FB0B03EF1ED97E7300E3D3BA /* Sources */ = {
			isa = PBXSourcesBuildPhase;
			buildActionMask = 2147483647;
			files = (
				FB0B03FF1ED97E7300E3D3BA /* TheMovieStore.xcdatamodeld in Sources */,
				FB0B03F91ED97E7300E3D3BA /* ViewController.swift in Sources */,
				FB0B03F71ED97E7300E3D3BA /* AppDelegate.swift in Sources */,
			);
			runOnlyForDeploymentPostprocessing = 0;
		};
/* End PBXSourcesBuildPhase section */

/* Begin PBXVariantGroup section */
		FB0B03FA1ED97E7300E3D3BA /* Main.storyboard */ = {
			isa = PBXVariantGroup;
			children = (
				FB0B03FB1ED97E7300E3D3BA /* Base */,
			);
			name = Main.storyboard;
			sourceTree = "<group>";
		};
		FB0B04021ED97E7300E3D3BA /* LaunchScreen.storyboard */ = {
			isa = PBXVariantGroup;
			children = (
				FB0B04031ED97E7300E3D3BA /* Base */,
			);
			name = LaunchScreen.storyboard;
			sourceTree = "<group>";
		};
/* End PBXVariantGroup section */

/* Begin XCBuildConfiguration section */
		FB0B04061ED97E7300E3D3BA /* Debug */ = {
			isa = XCBuildConfiguration;
			buildSettings = {
				ALWAYS_SEARCH_USER_PATHS = NO;
				CLANG_ANALYZER_NONNULL = YES;
				CLANG_ANALYZER_NUMBER_OBJECT_CONVERSION = YES_AGGRESSIVE;
				CLANG_CXX_LANGUAGE_STANDARD = "gnu++0x";
				CLANG_CXX_LIBRARY = "libc++";
				CLANG_ENABLE_MODULES = YES;
				CLANG_ENABLE_OBJC_ARC = YES;
				CLANG_WARN_BOOL_CONVERSION = YES;
				CLANG_WARN_CONSTANT_CONVERSION = YES;
				CLANG_WARN_DIRECT_OBJC_ISA_USAGE = YES_ERROR;
				CLANG_WARN_DOCUMENTATION_COMMENTS = YES;
				CLANG_WARN_EMPTY_BODY = YES;
				CLANG_WARN_ENUM_CONVERSION = YES;
				CLANG_WARN_INFINITE_RECURSION = YES;
				CLANG_WARN_INT_CONVERSION = YES;
				CLANG_WARN_OBJC_ROOT_CLASS = YES_ERROR;
				CLANG_WARN_SUSPICIOUS_MOVE = YES;
				CLANG_WARN_UNREACHABLE_CODE = YES;
				CLANG_WARN__DUPLICATE_METHOD_MATCH = YES;
				"CODE_SIGN_IDENTITY[sdk=iphoneos*]" = "iPhone Developer";
				COPY_PHASE_STRIP = NO;
				DEBUG_INFORMATION_FORMAT = dwarf;
				ENABLE_STRICT_OBJC_MSGSEND = YES;
				ENABLE_TESTABILITY = YES;
				GCC_C_LANGUAGE_STANDARD = gnu99;
				GCC_DYNAMIC_NO_PIC = NO;
				GCC_NO_COMMON_BLOCKS = YES;
				GCC_OPTIMIZATION_LEVEL = 0;
				GCC_PREPROCESSOR_DEFINITIONS = (
					"DEBUG=1",
					"$(inherited)",
				);
				GCC_WARN_64_TO_32_BIT_CONVERSION = YES;
				GCC_WARN_ABOUT_RETURN_TYPE = YES_ERROR;
				GCC_WARN_UNDECLARED_SELECTOR = YES;
				GCC_WARN_UNINITIALIZED_AUTOS = YES_AGGRESSIVE;
				GCC_WARN_UNUSED_FUNCTION = YES;
				GCC_WARN_UNUSED_VARIABLE = YES;
				IPHONEOS_DEPLOYMENT_TARGET = 10.3;
				MTL_ENABLE_DEBUG_INFO = YES;
				ONLY_ACTIVE_ARCH = YES;
				SDKROOT = iphoneos;
				SWIFT_ACTIVE_COMPILATION_CONDITIONS = DEBUG;
				SWIFT_OPTIMIZATION_LEVEL = "-Onone";
				TARGETED_DEVICE_FAMILY = "1,2";
			};
			name = Debug;
		};
		FB0B04071ED97E7300E3D3BA /* Release */ = {
			isa = XCBuildConfiguration;
			buildSettings = {
				ALWAYS_SEARCH_USER_PATHS = NO;
				CLANG_ANALYZER_NONNULL = YES;
				CLANG_ANALYZER_NUMBER_OBJECT_CONVERSION = YES_AGGRESSIVE;
				CLANG_CXX_LANGUAGE_STANDARD = "gnu++0x";
				CLANG_CXX_LIBRARY = "libc++";
				CLANG_ENABLE_MODULES = YES;
				CLANG_ENABLE_OBJC_ARC = YES;
				CLANG_WARN_BOOL_CONVERSION = YES;
				CLANG_WARN_CONSTANT_CONVERSION = YES;
				CLANG_WARN_DIRECT_OBJC_ISA_USAGE = YES_ERROR;
				CLANG_WARN_DOCUMENTATION_COMMENTS = YES;
				CLANG_WARN_EMPTY_BODY = YES;
				CLANG_WARN_ENUM_CONVERSION = YES;
				CLANG_WARN_INFINITE_RECURSION = YES;
				CLANG_WARN_INT_CONVERSION = YES;
				CLANG_WARN_OBJC_ROOT_CLASS = YES_ERROR;
				CLANG_WARN_SUSPICIOUS_MOVE = YES;
				CLANG_WARN_UNREACHABLE_CODE = YES;
				CLANG_WARN__DUPLICATE_METHOD_MATCH = YES;
				"CODE_SIGN_IDENTITY[sdk=iphoneos*]" = "iPhone Developer";
				COPY_PHASE_STRIP = NO;
				DEBUG_INFORMATION_FORMAT = "dwarf-with-dsym";
				ENABLE_NS_ASSERTIONS = NO;
				ENABLE_STRICT_OBJC_MSGSEND = YES;
				GCC_C_LANGUAGE_STANDARD = gnu99;
				GCC_NO_COMMON_BLOCKS = YES;
				GCC_WARN_64_TO_32_BIT_CONVERSION = YES;
				GCC_WARN_ABOUT_RETURN_TYPE = YES_ERROR;
				GCC_WARN_UNDECLARED_SELECTOR = YES;
				GCC_WARN_UNINITIALIZED_AUTOS = YES_AGGRESSIVE;
				GCC_WARN_UNUSED_FUNCTION = YES;
				GCC_WARN_UNUSED_VARIABLE = YES;
				IPHONEOS_DEPLOYMENT_TARGET = 10.3;
				MTL_ENABLE_DEBUG_INFO = NO;
				SDKROOT = iphoneos;
				SWIFT_OPTIMIZATION_LEVEL = "-Owholemodule";
				TARGETED_DEVICE_FAMILY = "1,2";
				VALIDATE_PRODUCT = YES;
			};
			name = Release;
		};
		FB0B04091ED97E7300E3D3BA /* Debug */ = {
			isa = XCBuildConfiguration;
			buildSettings = {
				ASSETCATALOG_COMPILER_APPICON_NAME = AppIcon;
				INFOPLIST_FILE = TheMovieStore/Info.plist;
				LD_RUNPATH_SEARCH_PATHS = "$(inherited) @executable_path/Frameworks";
				PRODUCT_BUNDLE_IDENTIFIER = HCMUTE.TheMovieStore;
				PRODUCT_NAME = "$(TARGET_NAME)";
				SWIFT_VERSION = 3.0;
			};
			name = Debug;
		};
		FB0B040A1ED97E7300E3D3BA /* Release */ = {
			isa = XCBuildConfiguration;
			buildSettings = {
				ASSETCATALOG_COMPILER_APPICON_NAME = AppIcon;
				INFOPLIST_FILE = TheMovieStore/Info.plist;
				LD_RUNPATH_SEARCH_PATHS = "$(inherited) @executable_path/Frameworks";
				PRODUCT_BUNDLE_IDENTIFIER = HCMUTE.TheMovieStore;
				PRODUCT_NAME = "$(TARGET_NAME)";
				SWIFT_VERSION = 3.0;
			};
			name = Release;
		};
/* End XCBuildConfiguration section */

/* Begin XCConfigurationList section */
		FB0B03EE1ED97E7300E3D3BA /* Build configuration list for PBXProject "TheMovieStore" */ = {
			isa = XCConfigurationList;
			buildConfigurations = (
				FB0B04061ED97E7300E3D3BA /* Debug */,
				FB0B04071ED97E7300E3D3BA /* Release */,
			);
			defaultConfigurationIsVisible = 0;
			defaultConfigurationName = Release;
		};
		FB0B04081ED97E7300E3D3BA /* Build configuration list for PBXNativeTarget "TheMovieStore" */ = {
			isa = XCConfigurationList;
			buildConfigurations = (
				FB0B04091ED97E7300E3D3BA /* Debug */,
				FB0B040A1ED97E7300E3D3BA /* Release */,
			);
			defaultConfigurationIsVisible = 0;
		};
/* End XCConfigurationList section */

/* Begin XCVersionGroup section */
		FB0B03FD1ED97E7300E3D3BA /* TheMovieStore.xcdatamodeld */ = {
			isa = XCVersionGroup;
			children = (
				FB0B03FE1ED97E7300E3D3BA /* TheMovieStore.xcdatamodel */,
			);
			currentVersion = FB0B03FE1ED97E7300E3D3BA /* TheMovieStore.xcdatamodel */;
			path = TheMovieStore.xcdatamodeld;
			sourceTree = "<group>";
			versionGroupType = wrapper.xcdatamodel;
		};
/* End XCVersionGroup section */
	};
	rootObject = FB0B03EB1ED97E7300E3D3BA /* Project object */;
}
